// !$*UTF8*$!
{
	archiveVersion = 1;
	classes = {
	};
	objectVersion = 50;
	objects = {

/* Begin PBXBuildFile section */
		3697738A25916F7B0045CA87 /* Board.swift in Sources */ = {isa = PBXBuildFile; fileRef = 3697738925916F7B0045CA87 /* Board.swift */; };
		36A0F95425915583004EB7A7 /* AppDelegate.swift in Sources */ = {isa = PBXBuildFile; fileRef = 36A0F95325915583004EB7A7 /* AppDelegate.swift */; };
		36A0F95625915583004EB7A7 /* GameViewController.swift in Sources */ = {isa = PBXBuildFile; fileRef = 36A0F95525915583004EB7A7 /* GameViewController.swift */; };
		36A0F95925915583004EB7A7 /* Main.storyboard in Resources */ = {isa = PBXBuildFile; fileRef = 36A0F95725915583004EB7A7 /* Main.storyboard */; };
		36A0F96525915583004EB7A7 /* AppDelegate.swift in Sources */ = {isa = PBXBuildFile; fileRef = 36A0F96425915583004EB7A7 /* AppDelegate.swift */; };
		36A0F96725915583004EB7A7 /* GameViewController.swift in Sources */ = {isa = PBXBuildFile; fileRef = 36A0F96625915583004EB7A7 /* GameViewController.swift */; };
		36A0F96A25915583004EB7A7 /* Main.storyboard in Resources */ = {isa = PBXBuildFile; fileRef = 36A0F96825915583004EB7A7 /* Main.storyboard */; };
		36A0F97125915583004EB7A7 /* GameScene.swift in Sources */ = {isa = PBXBuildFile; fileRef = 36A0F94A25915582004EB7A7 /* GameScene.swift */; };
		36A0F97325915583004EB7A7 /* Assets.xcassets in Resources */ = {isa = PBXBuildFile; fileRef = 36A0F94B25915583004EB7A7 /* Assets.xcassets */; };
		36A0F97425915583004EB7A7 /* Assets.xcassets in Resources */ = {isa = PBXBuildFile; fileRef = 36A0F94B25915583004EB7A7 /* Assets.xcassets */; };
/* End PBXBuildFile section */

/* Begin PBXFileReference section */
		3697738925916F7B0045CA87 /* Board.swift */ = {isa = PBXFileReference; lastKnownFileType = sourcecode.swift; path = Board.swift; sourceTree = "<group>"; };
		36A0F94A25915582004EB7A7 /* GameScene.swift */ = {isa = PBXFileReference; lastKnownFileType = sourcecode.swift; path = GameScene.swift; sourceTree = "<group>"; };
		36A0F94B25915583004EB7A7 /* Assets.xcassets */ = {isa = PBXFileReference; lastKnownFileType = folder.assetcatalog; path = Assets.xcassets; sourceTree = "<group>"; };
		36A0F95025915583004EB7A7 /* plain-bubble-trouble.app */ = {isa = PBXFileReference; explicitFileType = wrapper.application; includeInIndex = 0; path = "plain-bubble-trouble.app"; sourceTree = BUILT_PRODUCTS_DIR; };
		36A0F95325915583004EB7A7 /* AppDelegate.swift */ = {isa = PBXFileReference; lastKnownFileType = sourcecode.swift; path = AppDelegate.swift; sourceTree = "<group>"; };
		36A0F95525915583004EB7A7 /* GameViewController.swift */ = {isa = PBXFileReference; lastKnownFileType = sourcecode.swift; path = GameViewController.swift; sourceTree = "<group>"; };
		36A0F95825915583004EB7A7 /* Base */ = {isa = PBXFileReference; lastKnownFileType = file.storyboard; name = Base; path = Base.lproj/Main.storyboard; sourceTree = "<group>"; };
		36A0F95D25915583004EB7A7 /* Info.plist */ = {isa = PBXFileReference; lastKnownFileType = text.plist.xml; path = Info.plist; sourceTree = "<group>"; };
		36A0F96225915583004EB7A7 /* plain-bubble-trouble.app */ = {isa = PBXFileReference; explicitFileType = wrapper.application; includeInIndex = 0; path = "plain-bubble-trouble.app"; sourceTree = BUILT_PRODUCTS_DIR; };
		36A0F96425915583004EB7A7 /* AppDelegate.swift */ = {isa = PBXFileReference; lastKnownFileType = sourcecode.swift; path = AppDelegate.swift; sourceTree = "<group>"; };
		36A0F96625915583004EB7A7 /* GameViewController.swift */ = {isa = PBXFileReference; lastKnownFileType = sourcecode.swift; path = GameViewController.swift; sourceTree = "<group>"; };
		36A0F96925915583004EB7A7 /* Base */ = {isa = PBXFileReference; lastKnownFileType = file.storyboard; name = Base; path = Base.lproj/Main.storyboard; sourceTree = "<group>"; };
		36A0F96B25915583004EB7A7 /* Info.plist */ = {isa = PBXFileReference; lastKnownFileType = text.plist.xml; path = Info.plist; sourceTree = "<group>"; };
		36A0F96C25915583004EB7A7 /* plain_bubble_trouble_macOS.entitlements */ = {isa = PBXFileReference; lastKnownFileType = text.plist.entitlements; path = plain_bubble_trouble_macOS.entitlements; sourceTree = "<group>"; };
/* End PBXFileReference section */

/* Begin PBXFrameworksBuildPhase section */
		36A0F94D25915583004EB7A7 /* Frameworks */ = {
			isa = PBXFrameworksBuildPhase;
			buildActionMask = 2147483647;
			files = (
			);
			runOnlyForDeploymentPostprocessing = 0;
		};
		36A0F95F25915583004EB7A7 /* Frameworks */ = {
			isa = PBXFrameworksBuildPhase;
			buildActionMask = 2147483647;
			files = (
			);
			runOnlyForDeploymentPostprocessing = 0;
		};
/* End PBXFrameworksBuildPhase section */

/* Begin PBXGroup section */
		36A0F94225915582004EB7A7 = {
			isa = PBXGroup;
			children = (
				36A0F94725915582004EB7A7 /* plain-bubble-trouble Shared */,
				36A0F95225915583004EB7A7 /* plain-bubble-trouble iOS */,
				36A0F96325915583004EB7A7 /* plain-bubble-trouble macOS */,
				36A0F95125915583004EB7A7 /* Products */,
			);
			sourceTree = "<group>";
		};
		36A0F94725915582004EB7A7 /* plain-bubble-trouble Shared */ = {
			isa = PBXGroup;
			children = (
				3697738925916F7B0045CA87 /* Board.swift */,
				36A0F94B25915583004EB7A7 /* Assets.xcassets */,
			);
			path = "plain-bubble-trouble Shared";
			sourceTree = "<group>";
		};
		36A0F95125915583004EB7A7 /* Products */ = {
			isa = PBXGroup;
			children = (
				36A0F95025915583004EB7A7 /* plain-bubble-trouble.app */,
				36A0F96225915583004EB7A7 /* plain-bubble-trouble.app */,
			);
			name = Products;
			sourceTree = "<group>";
		};
		36A0F95225915583004EB7A7 /* plain-bubble-trouble iOS */ = {
			isa = PBXGroup;
			children = (
				36A0F94A25915582004EB7A7 /* GameScene.swift */,
				36A0F95325915583004EB7A7 /* AppDelegate.swift */,
				36A0F95525915583004EB7A7 /* GameViewController.swift */,
				36A0F95725915583004EB7A7 /* Main.storyboard */,
				36A0F95D25915583004EB7A7 /* Info.plist */,
			);
			path = "plain-bubble-trouble iOS";
			sourceTree = "<group>";
		};
		36A0F96325915583004EB7A7 /* plain-bubble-trouble macOS */ = {
			isa = PBXGroup;
			children = (
				36A0F96425915583004EB7A7 /* AppDelegate.swift */,
				36A0F96625915583004EB7A7 /* GameViewController.swift */,
				36A0F96825915583004EB7A7 /* Main.storyboard */,
				36A0F96B25915583004EB7A7 /* Info.plist */,
				36A0F96C25915583004EB7A7 /* plain_bubble_trouble_macOS.entitlements */,
			);
			path = "plain-bubble-trouble macOS";
			sourceTree = "<group>";
		};
/* End PBXGroup section */

/* Begin PBXNativeTarget section */
		36A0F94F25915583004EB7A7 /* plain-bubble-trouble iOS */ = {
			isa = PBXNativeTarget;
			buildConfigurationList = 36A0F97725915583004EB7A7 /* Build configuration list for PBXNativeTarget "plain-bubble-trouble iOS" */;
			buildPhases = (
				36A0F94C25915583004EB7A7 /* Sources */,
				36A0F94D25915583004EB7A7 /* Frameworks */,
				36A0F94E25915583004EB7A7 /* Resources */,
			);
			buildRules = (
			);
			dependencies = (
			);
			name = "plain-bubble-trouble iOS";
			productName = "plain-bubble-trouble iOS";
			productReference = 36A0F95025915583004EB7A7 /* plain-bubble-trouble.app */;
			productType = "com.apple.product-type.application";
		};
		36A0F96125915583004EB7A7 /* plain-bubble-trouble macOS */ = {
			isa = PBXNativeTarget;
			buildConfigurationList = 36A0F97A25915583004EB7A7 /* Build configuration list for PBXNativeTarget "plain-bubble-trouble macOS" */;
			buildPhases = (
				36A0F95E25915583004EB7A7 /* Sources */,
				36A0F95F25915583004EB7A7 /* Frameworks */,
				36A0F96025915583004EB7A7 /* Resources */,
			);
			buildRules = (
			);
			dependencies = (
			);
			name = "plain-bubble-trouble macOS";
			productName = "plain-bubble-trouble macOS";
			productReference = 36A0F96225915583004EB7A7 /* plain-bubble-trouble.app */;
			productType = "com.apple.product-type.application";
		};
/* End PBXNativeTarget section */

/* Begin PBXProject section */
		36A0F94325915582004EB7A7 /* Project object */ = {
			isa = PBXProject;
			attributes = {
				LastSwiftUpdateCheck = 1220;
				LastUpgradeCheck = 1220;
				TargetAttributes = {
					36A0F94F25915583004EB7A7 = {
						CreatedOnToolsVersion = 12.2;
					};
					36A0F96125915583004EB7A7 = {
						CreatedOnToolsVersion = 12.2;
					};
				};
			};
			buildConfigurationList = 36A0F94625915582004EB7A7 /* Build configuration list for PBXProject "plain-bubble-trouble" */;
			compatibilityVersion = "Xcode 9.3";
			developmentRegion = en;
			hasScannedForEncodings = 0;
			knownRegions = (
				en,
				Base,
			);
			mainGroup = 36A0F94225915582004EB7A7;
			productRefGroup = 36A0F95125915583004EB7A7 /* Products */;
			projectDirPath = "";
			projectRoot = "";
			targets = (
				36A0F94F25915583004EB7A7 /* plain-bubble-trouble iOS */,
				36A0F96125915583004EB7A7 /* plain-bubble-trouble macOS */,
			);
		};
/* End PBXProject section */

/* Begin PBXResourcesBuildPhase section */
		36A0F94E25915583004EB7A7 /* Resources */ = {
			isa = PBXResourcesBuildPhase;
			buildActionMask = 2147483647;
			files = (
				36A0F95925915583004EB7A7 /* Main.storyboard in Resources */,
				36A0F97325915583004EB7A7 /* Assets.xcassets in Resources */,
			);
			runOnlyForDeploymentPostprocessing = 0;
		};
		36A0F96025915583004EB7A7 /* Resources */ = {
			isa = PBXResourcesBuildPhase;
			buildActionMask = 2147483647;
			files = (
				36A0F96A25915583004EB7A7 /* Main.storyboard in Resources */,
				36A0F97425915583004EB7A7 /* Assets.xcassets in Resources */,
			);
			runOnlyForDeploymentPostprocessing = 0;
		};
/* End PBXResourcesBuildPhase section */

/* Begin PBXSourcesBuildPhase section */
		36A0F94C25915583004EB7A7 /* Sources */ = {
			isa = PBXSourcesBuildPhase;
			buildActionMask = 2147483647;
			files = (
				3697738A25916F7B0045CA87 /* Board.swift in Sources */,
				36A0F97125915583004EB7A7 /* GameScene.swift in Sources */,
				36A0F95625915583004EB7A7 /* GameViewController.swift in Sources */,
				36A0F95425915583004EB7A7 /* AppDelegate.swift in Sources */,
			);
			runOnlyForDeploymentPostprocessing = 0;
		};
		36A0F95E25915583004EB7A7 /* Sources */ = {
			isa = PBXSourcesBuildPhase;
			buildActionMask = 2147483647;
			files = (
				36A0F96725915583004EB7A7 /* GameViewController.swift in Sources */,
				36A0F96525915583004EB7A7 /* AppDelegate.swift in Sources */,
			);
			runOnlyForDeploymentPostprocessing = 0;
		};
/* End PBXSourcesBuildPhase section */

/* Begin PBXVariantGroup section */
		36A0F95725915583004EB7A7 /* Main.storyboard */ = {
			isa = PBXVariantGroup;
			children = (
				36A0F95825915583004EB7A7 /* Base */,
			);
			name = Main.storyboard;
			sourceTree = "<group>";
		};
		36A0F96825915583004EB7A7 /* Main.storyboard */ = {
			isa = PBXVariantGroup;
			children = (
				36A0F96925915583004EB7A7 /* Base */,
			);
			name = Main.storyboard;
			sourceTree = "<group>";
		};
/* End PBXVariantGroup section */

/* Begin XCBuildConfiguration section */
		36A0F97525915583004EB7A7 /* Debug */ = {
			isa = XCBuildConfiguration;
			buildSettings = {
				ALWAYS_SEARCH_USER_PATHS = NO;
				CLANG_ANALYZER_NONNULL = YES;
				CLANG_ANALYZER_NUMBER_OBJECT_CONVERSION = YES_AGGRESSIVE;
				CLANG_CXX_LANGUAGE_STANDARD = "gnu++14";
				CLANG_CXX_LIBRARY = "libc++";
				CLANG_ENABLE_MODULES = YES;
				CLANG_ENABLE_OBJC_ARC = YES;
				CLANG_ENABLE_OBJC_WEAK = YES;
				CLANG_WARN_BLOCK_CAPTURE_AUTORELEASING = YES;
				CLANG_WARN_BOOL_CONVERSION = YES;
				CLANG_WARN_COMMA = YES;
				CLANG_WARN_CONSTANT_CONVERSION = YES;
				CLANG_WARN_DEPRECATED_OBJC_IMPLEMENTATIONS = YES;
				CLANG_WARN_DIRECT_OBJC_ISA_USAGE = YES_ERROR;
				CLANG_WARN_DOCUMENTATION_COMMENTS = YES;
				CLANG_WARN_EMPTY_BODY = YES;
				CLANG_WARN_ENUM_CONVERSION = YES;
				CLANG_WARN_INFINITE_RECURSION = YES;
				CLANG_WARN_INT_CONVERSION = YES;
				CLANG_WARN_NON_LITERAL_NULL_CONVERSION = YES;
				CLANG_WARN_OBJC_IMPLICIT_RETAIN_SELF = YES;
				CLANG_WARN_OBJC_LITERAL_CONVERSION = YES;
				CLANG_WARN_OBJC_ROOT_CLASS = YES_ERROR;
				CLANG_WARN_QUOTED_INCLUDE_IN_FRAMEWORK_HEADER = YES;
				CLANG_WARN_RANGE_LOOP_ANALYSIS = YES;
				CLANG_WARN_STRICT_PROTOTYPES = YES;
				CLANG_WARN_SUSPICIOUS_MOVE = YES;
				CLANG_WARN_UNGUARDED_AVAILABILITY = YES_AGGRESSIVE;
				CLANG_WARN_UNREACHABLE_CODE = YES;
				CLANG_WARN__DUPLICATE_METHOD_MATCH = YES;
				COPY_PHASE_STRIP = NO;
				DEBUG_INFORMATION_FORMAT = dwarf;
				ENABLE_STRICT_OBJC_MSGSEND = YES;
				ENABLE_TESTABILITY = YES;
				GCC_C_LANGUAGE_STANDARD = gnu11;
				GCC_DYNAMIC_NO_PIC = NO;
				GCC_NO_COMMON_BLOCKS = YES;
				GCC_OPTIMIZATION_LEVEL = 0;
				GCC_PREPROCESSOR_DEFINITIONS = (
					"DEBUG=1",
					"$(inherited)",
				);
				GCC_WARN_64_TO_32_BIT_CONVERSION = YES;
				GCC_WARN_ABOUT_RETURN_TYPE = YES_ERROR;
				GCC_WARN_UNDECLARED_SELECTOR = YES;
				GCC_WARN_UNINITIALIZED_AUTOS = YES_AGGRESSIVE;
				GCC_WARN_UNUSED_FUNCTION = YES;
				GCC_WARN_UNUSED_VARIABLE = YES;
				MTL_ENABLE_DEBUG_INFO = INCLUDE_SOURCE;
				MTL_FAST_MATH = YES;
				ONLY_ACTIVE_ARCH = YES;
				SWIFT_ACTIVE_COMPILATION_CONDITIONS = DEBUG;
				SWIFT_OPTIMIZATION_LEVEL = "-Onone";
			};
			name = Debug;
		};
		36A0F97625915583004EB7A7 /* Release */ = {
			isa = XCBuildConfiguration;
			buildSettings = {
				ALWAYS_SEARCH_USER_PATHS = NO;
				CLANG_ANALYZER_NONNULL = YES;
				CLANG_ANALYZER_NUMBER_OBJECT_CONVERSION = YES_AGGRESSIVE;
				CLANG_CXX_LANGUAGE_STANDARD = "gnu++14";
				CLANG_CXX_LIBRARY = "libc++";
				CLANG_ENABLE_MODULES = YES;
				CLANG_ENABLE_OBJC_ARC = YES;
				CLANG_ENABLE_OBJC_WEAK = YES;
				CLANG_WARN_BLOCK_CAPTURE_AUTORELEASING = YES;
				CLANG_WARN_BOOL_CONVERSION = YES;
				CLANG_WARN_COMMA = YES;
				CLANG_WARN_CONSTANT_CONVERSION = YES;
				CLANG_WARN_DEPRECATED_OBJC_IMPLEMENTATIONS = YES;
				CLANG_WARN_DIRECT_OBJC_ISA_USAGE = YES_ERROR;
				CLANG_WARN_DOCUMENTATION_COMMENTS = YES;
				CLANG_WARN_EMPTY_BODY = YES;
				CLANG_WARN_ENUM_CONVERSION = YES;
				CLANG_WARN_INFINITE_RECURSION = YES;
				CLANG_WARN_INT_CONVERSION = YES;
				CLANG_WARN_NON_LITERAL_NULL_CONVERSION = YES;
				CLANG_WARN_OBJC_IMPLICIT_RETAIN_SELF = YES;
				CLANG_WARN_OBJC_LITERAL_CONVERSION = YES;
				CLANG_WARN_OBJC_ROOT_CLASS = YES_ERROR;
				CLANG_WARN_QUOTED_INCLUDE_IN_FRAMEWORK_HEADER = YES;
				CLANG_WARN_RANGE_LOOP_ANALYSIS = YES;
				CLANG_WARN_STRICT_PROTOTYPES = YES;
				CLANG_WARN_SUSPICIOUS_MOVE = YES;
				CLANG_WARN_UNGUARDED_AVAILABILITY = YES_AGGRESSIVE;
				CLANG_WARN_UNREACHABLE_CODE = YES;
				CLANG_WARN__DUPLICATE_METHOD_MATCH = YES;
				COPY_PHASE_STRIP = NO;
				DEBUG_INFORMATION_FORMAT = "dwarf-with-dsym";
				ENABLE_NS_ASSERTIONS = NO;
				ENABLE_STRICT_OBJC_MSGSEND = YES;
				GCC_C_LANGUAGE_STANDARD = gnu11;
				GCC_NO_COMMON_BLOCKS = YES;
				GCC_WARN_64_TO_32_BIT_CONVERSION = YES;
				GCC_WARN_ABOUT_RETURN_TYPE = YES_ERROR;
				GCC_WARN_UNDECLARED_SELECTOR = YES;
				GCC_WARN_UNINITIALIZED_AUTOS = YES_AGGRESSIVE;
				GCC_WARN_UNUSED_FUNCTION = YES;
				GCC_WARN_UNUSED_VARIABLE = YES;
				MTL_ENABLE_DEBUG_INFO = NO;
				MTL_FAST_MATH = YES;
				SWIFT_COMPILATION_MODE = wholemodule;
				SWIFT_OPTIMIZATION_LEVEL = "-O";
			};
			name = Release;
		};
		36A0F97825915583004EB7A7 /* Debug */ = {
			isa = XCBuildConfiguration;
			buildSettings = {
				ASSETCATALOG_COMPILER_APPICON_NAME = AppIcon;
				ASSETCATALOG_COMPILER_GLOBAL_ACCENT_COLOR_NAME = AccentColor;
				CODE_SIGN_STYLE = Automatic;
				DEVELOPMENT_TEAM = VWHP3H76YX;
				INFOPLIST_FILE = "plain-bubble-trouble iOS/Info.plist";
				IPHONEOS_DEPLOYMENT_TARGET = 14.2;
				LD_RUNPATH_SEARCH_PATHS = (
					"$(inherited)",
					"@executable_path/Frameworks",
				);
				PRODUCT_BUNDLE_IDENTIFIER = "gurpgork.plain-bubble-trouble";
				PRODUCT_NAME = "plain-bubble-trouble";
				SDKROOT = iphoneos;
				SWIFT_VERSION = 5.0;
				TARGETED_DEVICE_FAMILY = 1;
			};
			name = Debug;
		};
		36A0F97925915583004EB7A7 /* Release */ = {
			isa = XCBuildConfiguration;
			buildSettings = {
				ASSETCATALOG_COMPILER_APPICON_NAME = AppIcon;
				ASSETCATALOG_COMPILER_GLOBAL_ACCENT_COLOR_NAME = AccentColor;
				CODE_SIGN_STYLE = Automatic;
				DEVELOPMENT_TEAM = VWHP3H76YX;
				INFOPLIST_FILE = "plain-bubble-trouble iOS/Info.plist";
				IPHONEOS_DEPLOYMENT_TARGET = 14.2;
				LD_RUNPATH_SEARCH_PATHS = (
					"$(inherited)",
					"@executable_path/Frameworks",
				);
				PRODUCT_BUNDLE_IDENTIFIER = "gurpgork.plain-bubble-trouble";
				PRODUCT_NAME = "plain-bubble-trouble";
				SDKROOT = iphoneos;
				SWIFT_VERSION = 5.0;
				TARGETED_DEVICE_FAMILY = 1;
				VALIDATE_PRODUCT = YES;
			};
			name = Release;
		};
		36A0F97B25915583004EB7A7 /* Debug */ = {
			isa = XCBuildConfiguration;
			buildSettings = {
				ASSETCATALOG_COMPILER_APPICON_NAME = AppIcon;
				ASSETCATALOG_COMPILER_GLOBAL_ACCENT_COLOR_NAME = AccentColor;
				CODE_SIGN_ENTITLEMENTS = "plain-bubble-trouble macOS/plain_bubble_trouble_macOS.entitlements";
				CODE_SIGN_STYLE = Automatic;
				COMBINE_HIDPI_IMAGES = YES;
				INFOPLIST_FILE = "plain-bubble-trouble macOS/Info.plist";
				LD_RUNPATH_SEARCH_PATHS = (
					"$(inherited)",
					"@executable_path/../Frameworks",
				);
				MACOSX_DEPLOYMENT_TARGET = 11.0;
				PRODUCT_BUNDLE_IDENTIFIER = "gurpgork.plain-bubble-trouble";
				PRODUCT_NAME = "plain-bubble-trouble";
				SDKROOT = macosx;
				SWIFT_VERSION = 5.0;
			};
			name = Debug;
		};
		36A0F97C25915583004EB7A7 /* Release */ = {
			isa = XCBuildConfiguration;
			buildSettings = {
				ASSETCATALOG_COMPILER_APPICON_NAME = AppIcon;
				ASSETCATALOG_COMPILER_GLOBAL_ACCENT_COLOR_NAME = AccentColor;
				CODE_SIGN_ENTITLEMENTS = "plain-bubble-trouble macOS/plain_bubble_trouble_macOS.entitlements";
				CODE_SIGN_STYLE = Automatic;
				COMBINE_HIDPI_IMAGES = YES;
				INFOPLIST_FILE = "plain-bubble-trouble macOS/Info.plist";
				LD_RUNPATH_SEARCH_PATHS = (
					"$(inherited)",
					"@executable_path/../Frameworks",
				);
				MACOSX_DEPLOYMENT_TARGET = 11.0;
				PRODUCT_BUNDLE_IDENTIFIER = "gurpgork.plain-bubble-trouble";
				PRODUCT_NAME = "plain-bubble-trouble";
				SDKROOT = macosx;
				SWIFT_VERSION = 5.0;
			};
			name = Release;
		};
/* End XCBuildConfiguration section */

/* Begin XCConfigurationList section */
		36A0F94625915582004EB7A7 /* Build configuration list for PBXProject "plain-bubble-trouble" */ = {
			isa = XCConfigurationList;
			buildConfigurations = (
				36A0F97525915583004EB7A7 /* Debug */,
				36A0F97625915583004EB7A7 /* Release */,
			);
			defaultConfigurationIsVisible = 0;
			defaultConfigurationName = Release;
		};
		36A0F97725915583004EB7A7 /* Build configuration list for PBXNativeTarget "plain-bubble-trouble iOS" */ = {
			isa = XCConfigurationList;
			buildConfigurations = (
				36A0F97825915583004EB7A7 /* Debug */,
				36A0F97925915583004EB7A7 /* Release */,
			);
			defaultConfigurationIsVisible = 0;
			defaultConfigurationName = Release;
		};
		36A0F97A25915583004EB7A7 /* Build configuration list for PBXNativeTarget "plain-bubble-trouble macOS" */ = {
			isa = XCConfigurationList;
			buildConfigurations = (
				36A0F97B25915583004EB7A7 /* Debug */,
				36A0F97C25915583004EB7A7 /* Release */,
			);
			defaultConfigurationIsVisible = 0;
			defaultConfigurationName = Release;
		};
/* End XCConfigurationList section */
	};
	rootObject = 36A0F94325915582004EB7A7 /* Project object */;
}
